
Microsoft Visual Studio Solution File, Format Version 11.00
# Visual C++ Express 2010
Project("{8BC9CEB8-8B4A-11D0-8D11-00A0C91BC942}") = "project_sam", "project_sam\project_sam.vcxproj", "{F032AD51-70F7-4102-A158-BB31982B3212}"
EndProject
Global
	GlobalSection(SolutionConfigurationPlatforms) = preSolution
		Debug|Win32 = Debug|Win32
		Release|Win32 = Release|Win32
	EndGlobalSection
	GlobalSection(ProjectConfigurationPlatforms) = postSolution
		{F032AD51-70F7-4102-A158-BB31982B3212}.Debug|Win32.ActiveCfg = Debug|Win32
		{F032AD51-70F7-4102-A158-BB31982B3212}.Debug|Win32.Build.0 = Debug|Win32
		{F032AD51-70F7-4102-A158-BB31982B3212}.Release|Win32.ActiveCfg = Release|Win32
		{F032AD51-70F7-4102-A158-BB31982B3212}.Release|Win32.Build.0 = Release|Win32
	EndGlobalSection
	GlobalSection(SolutionProperties) = preSolution
		HideSolutionNode = FALSE
	EndGlobalSection
EndGlobal
